// !$*UTF8*$!
{
	archiveVersion = 1;
	classes = {
	};
	objectVersion = 50;
	objects = {

/* Begin PBXBuildFile section */
		A9C2DD65269D357D0067FAD3 /* AppDelegate.swift in Sources */ = {isa = PBXBuildFile; fileRef = A9C2DD64269D357D0067FAD3 /* AppDelegate.swift */; };
		A9C2DD67269D357D0067FAD3 /* Scene1.sks in Resources */ = {isa = PBXBuildFile; fileRef = A9C2DD66269D357D0067FAD3 /* Scene1.sks */; };
		A9C2DD6D269D357D0067FAD3 /* GameViewController.swift in Sources */ = {isa = PBXBuildFile; fileRef = A9C2DD6C269D357D0067FAD3 /* GameViewController.swift */; };
		A9C2DD70269D357D0067FAD3 /* Main.storyboard in Resources */ = {isa = PBXBuildFile; fileRef = A9C2DD6E269D357D0067FAD3 /* Main.storyboard */; };
		A9C2DD72269D35820067FAD3 /* Assets.xcassets in Resources */ = {isa = PBXBuildFile; fileRef = A9C2DD71269D35820067FAD3 /* Assets.xcassets */; };
		A9C2DD75269D35820067FAD3 /* LaunchScreen.storyboard in Resources */ = {isa = PBXBuildFile; fileRef = A9C2DD73269D35820067FAD3 /* LaunchScreen.storyboard */; };
		A9C2DD7D269D35F20067FAD3 /* Scene1.swift in Sources */ = {isa = PBXBuildFile; fileRef = A9C2DD7C269D35F20067FAD3 /* Scene1.swift */; };
		A9C2DD7F269D36060067FAD3 /* Scene2.swift in Sources */ = {isa = PBXBuildFile; fileRef = A9C2DD7E269D36060067FAD3 /* Scene2.swift */; };
		A9C2DD83269D39580067FAD3 /* Scene2.sks in Resources */ = {isa = PBXBuildFile; fileRef = A9C2DD82269D39580067FAD3 /* Scene2.sks */; };
		A9C2DD87269D4DE70067FAD3 /* HelperFunction.swift in Sources */ = {isa = PBXBuildFile; fileRef = A9C2DD86269D4DE70067FAD3 /* HelperFunction.swift */; };
/* End PBXBuildFile section */

/* Begin PBXFileReference section */
		A9C2DD61269D357D0067FAD3 /* PixelationTransition.app */ = {isa = PBXFileReference; explicitFileType = wrapper.application; includeInIndex = 0; path = PixelationTransition.app; sourceTree = BUILT_PRODUCTS_DIR; };
		A9C2DD64269D357D0067FAD3 /* AppDelegate.swift */ = {isa = PBXFileReference; lastKnownFileType = sourcecode.swift; path = AppDelegate.swift; sourceTree = "<group>"; };
		A9C2DD66269D357D0067FAD3 /* Scene1.sks */ = {isa = PBXFileReference; lastKnownFileType = file.sks; path = Scene1.sks; sourceTree = "<group>"; };
		A9C2DD6C269D357D0067FAD3 /* GameViewController.swift */ = {isa = PBXFileReference; lastKnownFileType = sourcecode.swift; path = GameViewController.swift; sourceTree = "<group>"; };
		A9C2DD6F269D357D0067FAD3 /* Base */ = {isa = PBXFileReference; lastKnownFileType = file.storyboard; name = Base; path = Base.lproj/Main.storyboard; sourceTree = "<group>"; };
		A9C2DD71269D35820067FAD3 /* Assets.xcassets */ = {isa = PBXFileReference; lastKnownFileType = folder.assetcatalog; path = Assets.xcassets; sourceTree = "<group>"; };
		A9C2DD74269D35820067FAD3 /* Base */ = {isa = PBXFileReference; lastKnownFileType = file.storyboard; name = Base; path = Base.lproj/LaunchScreen.storyboard; sourceTree = "<group>"; };
		A9C2DD76269D35820067FAD3 /* Info.plist */ = {isa = PBXFileReference; lastKnownFileType = text.plist.xml; path = Info.plist; sourceTree = "<group>"; };
		A9C2DD7C269D35F20067FAD3 /* Scene1.swift */ = {isa = PBXFileReference; lastKnownFileType = sourcecode.swift; path = Scene1.swift; sourceTree = "<group>"; };
		A9C2DD7E269D36060067FAD3 /* Scene2.swift */ = {isa = PBXFileReference; lastKnownFileType = sourcecode.swift; path = Scene2.swift; sourceTree = "<group>"; };
		A9C2DD82269D39580067FAD3 /* Scene2.sks */ = {isa = PBXFileReference; lastKnownFileType = file.sks; path = Scene2.sks; sourceTree = "<group>"; };
		A9C2DD86269D4DE70067FAD3 /* HelperFunction.swift */ = {isa = PBXFileReference; lastKnownFileType = sourcecode.swift; path = HelperFunction.swift; sourceTree = "<group>"; };
/* End PBXFileReference section */

/* Begin PBXFrameworksBuildPhase section */
		A9C2DD5E269D357D0067FAD3 /* Frameworks */ = {
			isa = PBXFrameworksBuildPhase;
			buildActionMask = 2147483647;
			files = (
			);
			runOnlyForDeploymentPostprocessing = 0;
		};
/* End PBXFrameworksBuildPhase section */

/* Begin PBXGroup section */
		A9C2DD58269D357D0067FAD3 = {
			isa = PBXGroup;
			children = (
				A9C2DD63269D357D0067FAD3 /* PixelationTransition */,
				A9C2DD62269D357D0067FAD3 /* Products */,
			);
			sourceTree = "<group>";
		};
		A9C2DD62269D357D0067FAD3 /* Products */ = {
			isa = PBXGroup;
			children = (
				A9C2DD61269D357D0067FAD3 /* PixelationTransition.app */,
			);
			name = Products;
			sourceTree = "<group>";
		};
		A9C2DD63269D357D0067FAD3 /* PixelationTransition */ = {
			isa = PBXGroup;
			children = (
				A9C2DD64269D357D0067FAD3 /* AppDelegate.swift */,
				A9C2DD85269D3FBB0067FAD3 /* Swift */,
				A9C2DD84269D3FB40067FAD3 /* SKS */,
				A9C2DD6C269D357D0067FAD3 /* GameViewController.swift */,
				A9C2DD6E269D357D0067FAD3 /* Main.storyboard */,
				A9C2DD71269D35820067FAD3 /* Assets.xcassets */,
				A9C2DD73269D35820067FAD3 /* LaunchScreen.storyboard */,
				A9C2DD76269D35820067FAD3 /* Info.plist */,
			);
			path = PixelationTransition;
			sourceTree = "<group>";
		};
		A9C2DD84269D3FB40067FAD3 /* SKS */ = {
			isa = PBXGroup;
			children = (
				A9C2DD66269D357D0067FAD3 /* Scene1.sks */,
				A9C2DD82269D39580067FAD3 /* Scene2.sks */,
			);
			path = SKS;
			sourceTree = "<group>";
		};
		A9C2DD85269D3FBB0067FAD3 /* Swift */ = {
			isa = PBXGroup;
			children = (
				A9C2DD7C269D35F20067FAD3 /* Scene1.swift */,
				A9C2DD7E269D36060067FAD3 /* Scene2.swift */,
				A9C2DD86269D4DE70067FAD3 /* HelperFunction.swift */,
			);
			path = Swift;
			sourceTree = "<group>";
		};
/* End PBXGroup section */

/* Begin PBXNativeTarget section */
		A9C2DD60269D357D0067FAD3 /* PixelationTransition */ = {
			isa = PBXNativeTarget;
			buildConfigurationList = A9C2DD79269D35820067FAD3 /* Build configuration list for PBXNativeTarget "PixelationTransition" */;
			buildPhases = (
				A9C2DD5D269D357D0067FAD3 /* Sources */,
				A9C2DD5E269D357D0067FAD3 /* Frameworks */,
				A9C2DD5F269D357D0067FAD3 /* Resources */,
			);
			buildRules = (
			);
			dependencies = (
			);
			name = PixelationTransition;
			productName = PixelationTransition;
			productReference = A9C2DD61269D357D0067FAD3 /* PixelationTransition.app */;
			productType = "com.apple.product-type.application";
		};
/* End PBXNativeTarget section */

/* Begin PBXProject section */
		A9C2DD59269D357D0067FAD3 /* Project object */ = {
			isa = PBXProject;
			attributes = {
				LastSwiftUpdateCheck = 1160;
				LastUpgradeCheck = 1160;
				ORGANIZATIONNAME = rHockWorks;
				TargetAttributes = {
					A9C2DD60269D357D0067FAD3 = {
						CreatedOnToolsVersion = 11.6;
					};
				};
			};
			buildConfigurationList = A9C2DD5C269D357D0067FAD3 /* Build configuration list for PBXProject "PixelationTransition" */;
			compatibilityVersion = "Xcode 9.3";
			developmentRegion = en;
			hasScannedForEncodings = 0;
			knownRegions = (
				en,
				Base,
			);
			mainGroup = A9C2DD58269D357D0067FAD3;
			productRefGroup = A9C2DD62269D357D0067FAD3 /* Products */;
			projectDirPath = "";
			projectRoot = "";
			targets = (
				A9C2DD60269D357D0067FAD3 /* PixelationTransition */,
			);
		};
/* End PBXProject section */

/* Begin PBXResourcesBuildPhase section */
		A9C2DD5F269D357D0067FAD3 /* Resources */ = {
			isa = PBXResourcesBuildPhase;
			buildActionMask = 2147483647;
			files = (
				A9C2DD70269D357D0067FAD3 /* Main.storyboard in Resources */,
				A9C2DD67269D357D0067FAD3 /* Scene1.sks in Resources */,
				A9C2DD72269D35820067FAD3 /* Assets.xcassets in Resources */,
				A9C2DD83269D39580067FAD3 /* Scene2.sks in Resources */,
				A9C2DD75269D35820067FAD3 /* LaunchScreen.storyboard in Resources */,
			);
			runOnlyForDeploymentPostprocessing = 0;
		};
/* End PBXResourcesBuildPhase section */

/* Begin PBXSourcesBuildPhase section */
		A9C2DD5D269D357D0067FAD3 /* Sources */ = {
			isa = PBXSourcesBuildPhase;
			buildActionMask = 2147483647;
			files = (
				A9C2DD6D269D357D0067FAD3 /* GameViewController.swift in Sources */,
				A9C2DD7F269D36060067FAD3 /* Scene2.swift in Sources */,
				A9C2DD7D269D35F20067FAD3 /* Scene1.swift in Sources */,
				A9C2DD65269D357D0067FAD3 /* AppDelegate.swift in Sources */,
				A9C2DD87269D4DE70067FAD3 /* HelperFunction.swift in Sources */,
			);
			runOnlyForDeploymentPostprocessing = 0;
		};
/* End PBXSourcesBuildPhase section */

/* Begin PBXVariantGroup section */
		A9C2DD6E269D357D0067FAD3 /* Main.storyboard */ = {
			isa = PBXVariantGroup;
			children = (
				A9C2DD6F269D357D0067FAD3 /* Base */,
			);
			name = Main.storyboard;
			sourceTree = "<group>";
		};
		A9C2DD73269D35820067FAD3 /* LaunchScreen.storyboard */ = {
			isa = PBXVariantGroup;
			children = (
				A9C2DD74269D35820067FAD3 /* Base */,
			);
			name = LaunchScreen.storyboard;
			sourceTree = "<group>";
		};
/* End PBXVariantGroup section */

/* Begin XCBuildConfiguration section */
		A9C2DD77269D35820067FAD3 /* Debug */ = {
			isa = XCBuildConfiguration;
			buildSettings = {
				ALWAYS_SEARCH_USER_PATHS = NO;
				CLANG_ANALYZER_NONNULL = YES;
				CLANG_ANALYZER_NUMBER_OBJECT_CONVERSION = YES_AGGRESSIVE;
				CLANG_CXX_LANGUAGE_STANDARD = "gnu++14";
				CLANG_CXX_LIBRARY = "libc++";
				CLANG_ENABLE_MODULES = YES;
				CLANG_ENABLE_OBJC_ARC = YES;
				CLANG_ENABLE_OBJC_WEAK = YES;
				CLANG_WARN_BLOCK_CAPTURE_AUTORELEASING = YES;
				CLANG_WARN_BOOL_CONVERSION = YES;
				CLANG_WARN_COMMA = YES;
				CLANG_WARN_CONSTANT_CONVERSION = YES;
				CLANG_WARN_DEPRECATED_OBJC_IMPLEMENTATIONS = YES;
				CLANG_WARN_DIRECT_OBJC_ISA_USAGE = YES_ERROR;
				CLANG_WARN_DOCUMENTATION_COMMENTS = YES;
				CLANG_WARN_EMPTY_BODY = YES;
				CLANG_WARN_ENUM_CONVERSION = YES;
				CLANG_WARN_INFINITE_RECURSION = YES;
				CLANG_WARN_INT_CONVERSION = YES;
				CLANG_WARN_NON_LITERAL_NULL_CONVERSION = YES;
				CLANG_WARN_OBJC_IMPLICIT_RETAIN_SELF = YES;
				CLANG_WARN_OBJC_LITERAL_CONVERSION = YES;
				CLANG_WARN_OBJC_ROOT_CLASS = YES_ERROR;
				CLANG_WARN_RANGE_LOOP_ANALYSIS = YES;
				CLANG_WARN_STRICT_PROTOTYPES = YES;
				CLANG_WARN_SUSPICIOUS_MOVE = YES;
				CLANG_WARN_UNGUARDED_AVAILABILITY = YES_AGGRESSIVE;
				CLANG_WARN_UNREACHABLE_CODE = YES;
				CLANG_WARN__DUPLICATE_METHOD_MATCH = YES;
				COPY_PHASE_STRIP = NO;
				DEBUG_INFORMATION_FORMAT = dwarf;
				ENABLE_STRICT_OBJC_MSGSEND = YES;
				ENABLE_TESTABILITY = YES;
				GCC_C_LANGUAGE_STANDARD = gnu11;
				GCC_DYNAMIC_NO_PIC = NO;
				GCC_NO_COMMON_BLOCKS = YES;
				GCC_OPTIMIZATION_LEVEL = 0;
				GCC_PREPROCESSOR_DEFINITIONS = (
					"DEBUG=1",
					"$(inherited)",
				);
				GCC_WARN_64_TO_32_BIT_CONVERSION = YES;
				GCC_WARN_ABOUT_RETURN_TYPE = YES_ERROR;
				GCC_WARN_UNDECLARED_SELECTOR = YES;
				GCC_WARN_UNINITIALIZED_AUTOS = YES_AGGRESSIVE;
				GCC_WARN_UNUSED_FUNCTION = YES;
				GCC_WARN_UNUSED_VARIABLE = YES;
				IPHONEOS_DEPLOYMENT_TARGET = 13.6;
				MTL_ENABLE_DEBUG_INFO = INCLUDE_SOURCE;
				MTL_FAST_MATH = YES;
				ONLY_ACTIVE_ARCH = YES;
				SDKROOT = iphoneos;
				SWIFT_ACTIVE_COMPILATION_CONDITIONS = DEBUG;
				SWIFT_OPTIMIZATION_LEVEL = "-Onone";
			};
			name = Debug;
		};
		A9C2DD78269D35820067FAD3 /* Release */ = {
			isa = XCBuildConfiguration;
			buildSettings = {
				ALWAYS_SEARCH_USER_PATHS = NO;
				CLANG_ANALYZER_NONNULL = YES;
				CLANG_ANALYZER_NUMBER_OBJECT_CONVERSION = YES_AGGRESSIVE;
				CLANG_CXX_LANGUAGE_STANDARD = "gnu++14";
				CLANG_CXX_LIBRARY = "libc++";
				CLANG_ENABLE_MODULES = YES;
				CLANG_ENABLE_OBJC_ARC = YES;
				CLANG_ENABLE_OBJC_WEAK = YES;
				CLANG_WARN_BLOCK_CAPTURE_AUTORELEASING = YES;
				CLANG_WARN_BOOL_CONVERSION = YES;
				CLANG_WARN_COMMA = YES;
				CLANG_WARN_CONSTANT_CONVERSION = YES;
				CLANG_WARN_DEPRECATED_OBJC_IMPLEMENTATIONS = YES;
				CLANG_WARN_DIRECT_OBJC_ISA_USAGE = YES_ERROR;
				CLANG_WARN_DOCUMENTATION_COMMENTS = YES;
				CLANG_WARN_EMPTY_BODY = YES;
				CLANG_WARN_ENUM_CONVERSION = YES;
				CLANG_WARN_INFINITE_RECURSION = YES;
				CLANG_WARN_INT_CONVERSION = YES;
				CLANG_WARN_NON_LITERAL_NULL_CONVERSION = YES;
				CLANG_WARN_OBJC_IMPLICIT_RETAIN_SELF = YES;
				CLANG_WARN_OBJC_LITERAL_CONVERSION = YES;
				CLANG_WARN_OBJC_ROOT_CLASS = YES_ERROR;
				CLANG_WARN_RANGE_LOOP_ANALYSIS = YES;
				CLANG_WARN_STRICT_PROTOTYPES = YES;
				CLANG_WARN_SUSPICIOUS_MOVE = YES;
				CLANG_WARN_UNGUARDED_AVAILABILITY = YES_AGGRESSIVE;
				CLANG_WARN_UNREACHABLE_CODE = YES;
				CLANG_WARN__DUPLICATE_METHOD_MATCH = YES;
				COPY_PHASE_STRIP = NO;
				DEBUG_INFORMATION_FORMAT = "dwarf-with-dsym";
				ENABLE_NS_ASSERTIONS = NO;
				ENABLE_STRICT_OBJC_MSGSEND = YES;
				GCC_C_LANGUAGE_STANDARD = gnu11;
				GCC_NO_COMMON_BLOCKS = YES;
				GCC_WARN_64_TO_32_BIT_CONVERSION = YES;
				GCC_WARN_ABOUT_RETURN_TYPE = YES_ERROR;
				GCC_WARN_UNDECLARED_SELECTOR = YES;
				GCC_WARN_UNINITIALIZED_AUTOS = YES_AGGRESSIVE;
				GCC_WARN_UNUSED_FUNCTION = YES;
				GCC_WARN_UNUSED_VARIABLE = YES;
				IPHONEOS_DEPLOYMENT_TARGET = 13.6;
				MTL_ENABLE_DEBUG_INFO = NO;
				MTL_FAST_MATH = YES;
				SDKROOT = iphoneos;
				SWIFT_COMPILATION_MODE = wholemodule;
				SWIFT_OPTIMIZATION_LEVEL = "-O";
				VALIDATE_PRODUCT = YES;
			};
			name = Release;
		};
		A9C2DD7A269D35820067FAD3 /* Debug */ = {
			isa = XCBuildConfiguration;
			buildSettings = {
				ASSETCATALOG_COMPILER_APPICON_NAME = AppIcon;
				CODE_SIGN_STYLE = Automatic;
				DEVELOPMENT_TEAM = U5SV7UF7J6;
				INFOPLIST_FILE = PixelationTransition/Info.plist;
				LD_RUNPATH_SEARCH_PATHS = (
					"$(inherited)",
					"@executable_path/Frameworks",
				);
				PRODUCT_BUNDLE_IDENTIFIER = com.beta1.PixelationTransition;
				PRODUCT_NAME = "$(TARGET_NAME)";
				SWIFT_VERSION = 5.0;
				TARGETED_DEVICE_FAMILY = "1,2";
			};
			name = Debug;
		};
		A9C2DD7B269D35820067FAD3 /* Release */ = {
			isa = XCBuildConfiguration;
			buildSettings = {
				ASSETCATALOG_COMPILER_APPICON_NAME = AppIcon;
				CODE_SIGN_STYLE = Automatic;
				DEVELOPMENT_TEAM = U5SV7UF7J6;
				INFOPLIST_FILE = PixelationTransition/Info.plist;
				LD_RUNPATH_SEARCH_PATHS = (
					"$(inherited)",
					"@executable_path/Frameworks",
				);
				PRODUCT_BUNDLE_IDENTIFIER = com.beta1.PixelationTransition;
				PRODUCT_NAME = "$(TARGET_NAME)";
				SWIFT_VERSION = 5.0;
				TARGETED_DEVICE_FAMILY = "1,2";
			};
			name = Release;
		};
/* End XCBuildConfiguration section */

/* Begin XCConfigurationList section */
		A9C2DD5C269D357D0067FAD3 /* Build configuration list for PBXProject "PixelationTransition" */ = {
			isa = XCConfigurationList;
			buildConfigurations = (
				A9C2DD77269D35820067FAD3 /* Debug */,
				A9C2DD78269D35820067FAD3 /* Release */,
			);
			defaultConfigurationIsVisible = 0;
			defaultConfigurationName = Release;
		};
		A9C2DD79269D35820067FAD3 /* Build configuration list for PBXNativeTarget "PixelationTransition" */ = {
			isa = XCConfigurationList;
			buildConfigurations = (
				A9C2DD7A269D35820067FAD3 /* Debug */,
				A9C2DD7B269D35820067FAD3 /* Release */,
			);
			defaultConfigurationIsVisible = 0;
			defaultConfigurationName = Release;
		};
/* End XCConfigurationList section */
	};
	rootObject = A9C2DD59269D357D0067FAD3 /* Project object */;
}
